// !$*UTF8*$!
{
	archiveVersion = 1;
	classes = {
	};
	objectVersion = 46;
	objects = {

/* Begin PBXBuildFile section */
		4304A7B11A5CF40700889687 /* survey_option_bg1@2x.png in Resources */ = {isa = PBXBuildFile; fileRef = 4304A7B01A5CF40700889687 /* survey_option_bg1@2x.png */; };
		431ED63F1A64CC5D002DDFDE /* survey_data.csv in Resources */ = {isa = PBXBuildFile; fileRef = 431ED63E1A64CC5D002DDFDE /* survey_data.csv */; };
		431ED6421A64CCB9002DDFDE /* CSVData.m in Sources */ = {isa = PBXBuildFile; fileRef = 431ED6411A64CCB9002DDFDE /* CSVData.m */; };
		43361EFD1A5B84B000351395 /* Brandon_bld.otf in Resources */ = {isa = PBXBuildFile; fileRef = 43361EF71A5B84B000351395 /* Brandon_bld.otf */; };
		43361EFF1A5B84B000351395 /* Brandon_blk.otf in Resources */ = {isa = PBXBuildFile; fileRef = 43361EF91A5B84B000351395 /* Brandon_blk.otf */; };
		43361F011A5B84B000351395 /* Brandon_reg.otf in Resources */ = {isa = PBXBuildFile; fileRef = 43361EFB1A5B84B000351395 /* Brandon_reg.otf */; };
		43361F051A5B8F8600351395 /* HRBlockSurvey.m in Sources */ = {isa = PBXBuildFile; fileRef = 43361F041A5B8F8600351395 /* HRBlockSurvey.m */; };
		434E25A71A5DD0B400D807AE /* survey_option_bg2@2x.png in Resources */ = {isa = PBXBuildFile; fileRef = 434E25A61A5DD0B400D807AE /* survey_option_bg2@2x.png */; };
		434E25A91A5DEB4100D807AE /* attract_bg2@2x.png in Resources */ = {isa = PBXBuildFile; fileRef = 434E25A81A5DEB4100D807AE /* attract_bg2@2x.png */; };
		435B876E1A5B3785004176CC /* AttractorViewController.m in Sources */ = {isa = PBXBuildFile; fileRef = 435B876B1A5B3785004176CC /* AttractorViewController.m */; };
		435B876F1A5B3785004176CC /* SurveyViewController.m in Sources */ = {isa = PBXBuildFile; fileRef = 435B876D1A5B3785004176CC /* SurveyViewController.m */; };
		435B87771A5B3793004176CC /* attract_choose_lang@2x.png in Resources */ = {isa = PBXBuildFile; fileRef = 435B87711A5B3793004176CC /* attract_choose_lang@2x.png */; };
		435B87781A5B3793004176CC /* attract_english@2x.png in Resources */ = {isa = PBXBuildFile; fileRef = 435B87721A5B3793004176CC /* attract_english@2x.png */; };
		435B87791A5B3793004176CC /* attract_logo@2x.png in Resources */ = {isa = PBXBuildFile; fileRef = 435B87731A5B3793004176CC /* attract_logo@2x.png */; };
		435B877A1A5B3793004176CC /* attract_spanish@2x.png in Resources */ = {isa = PBXBuildFile; fileRef = 435B87741A5B3793004176CC /* attract_spanish@2x.png */; };
		435B877B1A5B3793004176CC /* attract_title@2x.png in Resources */ = {isa = PBXBuildFile; fileRef = 435B87751A5B3793004176CC /* attract_title@2x.png */; };
		435B877E1A5B48D6004176CC /* survey_bg@2x.png in Resources */ = {isa = PBXBuildFile; fileRef = 435B877D1A5B48D6004176CC /* survey_bg@2x.png */; };
		43B08DA91A5C74F7008D0656 /* survey_next@2x.png in Resources */ = {isa = PBXBuildFile; fileRef = 43B08DA81A5C74F7008D0656 /* survey_next@2x.png */; };
		43B549BE1A64AC8400E90E63 /* survey_option_bg3@2x.png in Resources */ = {isa = PBXBuildFile; fileRef = 43B549BC1A64AC8400E90E63 /* survey_option_bg3@2x.png */; };
		43B549BF1A64AC8400E90E63 /* survey_option_bg4@2x.png in Resources */ = {isa = PBXBuildFile; fileRef = 43B549BD1A64AC8400E90E63 /* survey_option_bg4@2x.png */; };
		43D2895D1A59D3DF00E86718 /* main.m in Sources */ = {isa = PBXBuildFile; fileRef = 43D2895C1A59D3DF00E86718 /* main.m */; };
		43D289601A59D3DF00E86718 /* AppDelegate.m in Sources */ = {isa = PBXBuildFile; fileRef = 43D2895F1A59D3DF00E86718 /* AppDelegate.m */; };
		43D289661A59D3DF00E86718 /* Main.storyboard in Resources */ = {isa = PBXBuildFile; fileRef = 43D289641A59D3DF00E86718 /* Main.storyboard */; };
		43D289681A59D3DF00E86718 /* Images.xcassets in Resources */ = {isa = PBXBuildFile; fileRef = 43D289671A59D3DF00E86718 /* Images.xcassets */; };
		43D289771A59D3DF00E86718 /* H_R_Block_SurveyTests.m in Sources */ = {isa = PBXBuildFile; fileRef = 43D289761A59D3DF00E86718 /* H_R_Block_SurveyTests.m */; };
		43E506131A67112800510CDB /* survey_next_ES@2x.png in Resources */ = {isa = PBXBuildFile; fileRef = 43E506121A67112800510CDB /* survey_next_ES@2x.png */; };
		43E506161A67178500510CDB /* ThankYouViewController.m in Sources */ = {isa = PBXBuildFile; fileRef = 43E506151A67178500510CDB /* ThankYouViewController.m */; };
		43E506191A671B8300510CDB /* thanks_title@2x.png in Resources */ = {isa = PBXBuildFile; fileRef = 43E506171A671B8300510CDB /* thanks_title@2x.png */; };
		43E5061A1A671B8300510CDB /* thanks_title2@2x.png in Resources */ = {isa = PBXBuildFile; fileRef = 43E506181A671B8300510CDB /* thanks_title2@2x.png */; };
		43E5061D1A671CD700510CDB /* thanks_title_ES@2x.png in Resources */ = {isa = PBXBuildFile; fileRef = 43E5061B1A671CD700510CDB /* thanks_title_ES@2x.png */; };
		43E5061E1A671CD700510CDB /* thanks_title2_ES@2x.png in Resources */ = {isa = PBXBuildFile; fileRef = 43E5061C1A671CD700510CDB /* thanks_title2_ES@2x.png */; };
		43EDA0D01A65C032003603BE /* attract_title_ES@2x.png in Resources */ = {isa = PBXBuildFile; fileRef = 43EDA0CF1A65C032003603BE /* attract_title_ES@2x.png */; };
/* End PBXBuildFile section */

/* Begin PBXContainerItemProxy section */
		43D289711A59D3DF00E86718 /* PBXContainerItemProxy */ = {
			isa = PBXContainerItemProxy;
			containerPortal = 43D2894F1A59D3DF00E86718 /* Project object */;
			proxyType = 1;
			remoteGlobalIDString = 43D289561A59D3DF00E86718;
			remoteInfo = "H&R Block Survey";
		};
/* End PBXContainerItemProxy section */

/* Begin PBXFileReference section */
		4304A7B01A5CF40700889687 /* survey_option_bg1@2x.png */ = {isa = PBXFileReference; lastKnownFileType = image.png; path = "survey_option_bg1@2x.png"; sourceTree = "<group>"; };
		431ED63E1A64CC5D002DDFDE /* survey_data.csv */ = {isa = PBXFileReference; fileEncoding = 4; lastKnownFileType = text; path = survey_data.csv; sourceTree = "<group>"; };
		431ED6401A64CCB9002DDFDE /* CSVData.h */ = {isa = PBXFileReference; fileEncoding = 4; lastKnownFileType = sourcecode.c.h; path = CSVData.h; sourceTree = "<group>"; };
		431ED6411A64CCB9002DDFDE /* CSVData.m */ = {isa = PBXFileReference; fileEncoding = 4; lastKnownFileType = sourcecode.c.objc; path = CSVData.m; sourceTree = "<group>"; };
		43361EF71A5B84B000351395 /* Brandon_bld.otf */ = {isa = PBXFileReference; lastKnownFileType = file; path = Brandon_bld.otf; sourceTree = "<group>"; };
		43361EF91A5B84B000351395 /* Brandon_blk.otf */ = {isa = PBXFileReference; lastKnownFileType = file; path = Brandon_blk.otf; sourceTree = "<group>"; };
		43361EFB1A5B84B000351395 /* Brandon_reg.otf */ = {isa = PBXFileReference; lastKnownFileType = file; path = Brandon_reg.otf; sourceTree = "<group>"; };
		43361F031A5B8F8600351395 /* HRBlockSurvey.h */ = {isa = PBXFileReference; fileEncoding = 4; lastKnownFileType = sourcecode.c.h; path = HRBlockSurvey.h; sourceTree = "<group>"; };
		43361F041A5B8F8600351395 /* HRBlockSurvey.m */ = {isa = PBXFileReference; fileEncoding = 4; lastKnownFileType = sourcecode.c.objc; path = HRBlockSurvey.m; sourceTree = "<group>"; };
		434E25A61A5DD0B400D807AE /* survey_option_bg2@2x.png */ = {isa = PBXFileReference; lastKnownFileType = image.png; path = "survey_option_bg2@2x.png"; sourceTree = "<group>"; };
		434E25A81A5DEB4100D807AE /* attract_bg2@2x.png */ = {isa = PBXFileReference; lastKnownFileType = image.png; path = "attract_bg2@2x.png"; sourceTree = "<group>"; };
		435B876A1A5B3785004176CC /* AttractorViewController.h */ = {isa = PBXFileReference; fileEncoding = 4; lastKnownFileType = sourcecode.c.h; path = AttractorViewController.h; sourceTree = "<group>"; };
		435B876B1A5B3785004176CC /* AttractorViewController.m */ = {isa = PBXFileReference; fileEncoding = 4; lastKnownFileType = sourcecode.c.objc; path = AttractorViewController.m; sourceTree = "<group>"; };
		435B876C1A5B3785004176CC /* SurveyViewController.h */ = {isa = PBXFileReference; fileEncoding = 4; lastKnownFileType = sourcecode.c.h; path = SurveyViewController.h; sourceTree = "<group>"; };
		435B876D1A5B3785004176CC /* SurveyViewController.m */ = {isa = PBXFileReference; fileEncoding = 4; lastKnownFileType = sourcecode.c.objc; path = SurveyViewController.m; sourceTree = "<group>"; };
		435B87711A5B3793004176CC /* attract_choose_lang@2x.png */ = {isa = PBXFileReference; lastKnownFileType = image.png; path = "attract_choose_lang@2x.png"; sourceTree = "<group>"; };
		435B87721A5B3793004176CC /* attract_english@2x.png */ = {isa = PBXFileReference; lastKnownFileType = image.png; path = "attract_english@2x.png"; sourceTree = "<group>"; };
		435B87731A5B3793004176CC /* attract_logo@2x.png */ = {isa = PBXFileReference; lastKnownFileType = image.png; path = "attract_logo@2x.png"; sourceTree = "<group>"; };
		435B87741A5B3793004176CC /* attract_spanish@2x.png */ = {isa = PBXFileReference; lastKnownFileType = image.png; path = "attract_spanish@2x.png"; sourceTree = "<group>"; };
		435B87751A5B3793004176CC /* attract_title@2x.png */ = {isa = PBXFileReference; lastKnownFileType = image.png; path = "attract_title@2x.png"; sourceTree = "<group>"; };
		435B877D1A5B48D6004176CC /* survey_bg@2x.png */ = {isa = PBXFileReference; lastKnownFileType = image.png; path = "survey_bg@2x.png"; sourceTree = "<group>"; };
		43B08DA81A5C74F7008D0656 /* survey_next@2x.png */ = {isa = PBXFileReference; lastKnownFileType = image.png; path = "survey_next@2x.png"; sourceTree = "<group>"; };
		43B549BC1A64AC8400E90E63 /* survey_option_bg3@2x.png */ = {isa = PBXFileReference; lastKnownFileType = image.png; path = "survey_option_bg3@2x.png"; sourceTree = "<group>"; };
		43B549BD1A64AC8400E90E63 /* survey_option_bg4@2x.png */ = {isa = PBXFileReference; lastKnownFileType = image.png; path = "survey_option_bg4@2x.png"; sourceTree = "<group>"; };
		43D289571A59D3DF00E86718 /* H&R Block Survey.app */ = {isa = PBXFileReference; explicitFileType = wrapper.application; includeInIndex = 0; path = "H&R Block Survey.app"; sourceTree = BUILT_PRODUCTS_DIR; };
		43D2895B1A59D3DF00E86718 /* Info.plist */ = {isa = PBXFileReference; lastKnownFileType = text.plist.xml; path = Info.plist; sourceTree = "<group>"; };
		43D2895C1A59D3DF00E86718 /* main.m */ = {isa = PBXFileReference; lastKnownFileType = sourcecode.c.objc; path = main.m; sourceTree = "<group>"; };
		43D2895E1A59D3DF00E86718 /* AppDelegate.h */ = {isa = PBXFileReference; lastKnownFileType = sourcecode.c.h; path = AppDelegate.h; sourceTree = "<group>"; };
		43D2895F1A59D3DF00E86718 /* AppDelegate.m */ = {isa = PBXFileReference; lastKnownFileType = sourcecode.c.objc; path = AppDelegate.m; sourceTree = "<group>"; };
		43D289651A59D3DF00E86718 /* Base */ = {isa = PBXFileReference; lastKnownFileType = file.storyboard; name = Base; path = Base.lproj/Main.storyboard; sourceTree = "<group>"; };
		43D289671A59D3DF00E86718 /* Images.xcassets */ = {isa = PBXFileReference; lastKnownFileType = folder.assetcatalog; path = Images.xcassets; sourceTree = "<group>"; };
		43D289701A59D3DF00E86718 /* H&R Block SurveyTests.xctest */ = {isa = PBXFileReference; explicitFileType = wrapper.cfbundle; includeInIndex = 0; path = "H&R Block SurveyTests.xctest"; sourceTree = BUILT_PRODUCTS_DIR; };
		43D289751A59D3DF00E86718 /* Info.plist */ = {isa = PBXFileReference; lastKnownFileType = text.plist.xml; path = Info.plist; sourceTree = "<group>"; };
		43D289761A59D3DF00E86718 /* H_R_Block_SurveyTests.m */ = {isa = PBXFileReference; lastKnownFileType = sourcecode.c.objc; path = H_R_Block_SurveyTests.m; sourceTree = "<group>"; };
		43E506121A67112800510CDB /* survey_next_ES@2x.png */ = {isa = PBXFileReference; lastKnownFileType = image.png; path = "survey_next_ES@2x.png"; sourceTree = "<group>"; };
		43E506141A67178500510CDB /* ThankYouViewController.h */ = {isa = PBXFileReference; fileEncoding = 4; lastKnownFileType = sourcecode.c.h; path = ThankYouViewController.h; sourceTree = "<group>"; };
		43E506151A67178500510CDB /* ThankYouViewController.m */ = {isa = PBXFileReference; fileEncoding = 4; lastKnownFileType = sourcecode.c.objc; path = ThankYouViewController.m; sourceTree = "<group>"; };
		43E506171A671B8300510CDB /* thanks_title@2x.png */ = {isa = PBXFileReference; lastKnownFileType = image.png; path = "thanks_title@2x.png"; sourceTree = "<group>"; };
		43E506181A671B8300510CDB /* thanks_title2@2x.png */ = {isa = PBXFileReference; lastKnownFileType = image.png; path = "thanks_title2@2x.png"; sourceTree = "<group>"; };
		43E5061B1A671CD700510CDB /* thanks_title_ES@2x.png */ = {isa = PBXFileReference; lastKnownFileType = image.png; path = "thanks_title_ES@2x.png"; sourceTree = "<group>"; };
		43E5061C1A671CD700510CDB /* thanks_title2_ES@2x.png */ = {isa = PBXFileReference; lastKnownFileType = image.png; path = "thanks_title2_ES@2x.png"; sourceTree = "<group>"; };
		43EDA0CF1A65C032003603BE /* attract_title_ES@2x.png */ = {isa = PBXFileReference; lastKnownFileType = image.png; path = "attract_title_ES@2x.png"; sourceTree = "<group>"; };
/* End PBXFileReference section */

/* Begin PBXFrameworksBuildPhase section */
		43D289541A59D3DF00E86718 /* Frameworks */ = {
			isa = PBXFrameworksBuildPhase;
			buildActionMask = 2147483647;
			files = (
			);
			runOnlyForDeploymentPostprocessing = 0;
		};
		43D2896D1A59D3DF00E86718 /* Frameworks */ = {
			isa = PBXFrameworksBuildPhase;
			buildActionMask = 2147483647;
			files = (
			);
			runOnlyForDeploymentPostprocessing = 0;
		};
/* End PBXFrameworksBuildPhase section */

/* Begin PBXGroup section */
		43361F021A5B84B600351395 /* Fonts */ = {
			isa = PBXGroup;
			children = (
				43361EF71A5B84B000351395 /* Brandon_bld.otf */,
				43361EF91A5B84B000351395 /* Brandon_blk.otf */,
				43361EFB1A5B84B000351395 /* Brandon_reg.otf */,
			);
			name = Fonts;
			sourceTree = "<group>";
		};
		435B877C1A5B3799004176CC /* Images */ = {
			isa = PBXGroup;
			children = (
				434E25A81A5DEB4100D807AE /* attract_bg2@2x.png */,
				435B87711A5B3793004176CC /* attract_choose_lang@2x.png */,
				435B87721A5B3793004176CC /* attract_english@2x.png */,
				435B87731A5B3793004176CC /* attract_logo@2x.png */,
				435B87741A5B3793004176CC /* attract_spanish@2x.png */,
				43EDA0CF1A65C032003603BE /* attract_title_ES@2x.png */,
				435B87751A5B3793004176CC /* attract_title@2x.png */,
				435B877D1A5B48D6004176CC /* survey_bg@2x.png */,
				43E506121A67112800510CDB /* survey_next_ES@2x.png */,
				43B08DA81A5C74F7008D0656 /* survey_next@2x.png */,
				4304A7B01A5CF40700889687 /* survey_option_bg1@2x.png */,
				434E25A61A5DD0B400D807AE /* survey_option_bg2@2x.png */,
				43B549BC1A64AC8400E90E63 /* survey_option_bg3@2x.png */,
				43B549BD1A64AC8400E90E63 /* survey_option_bg4@2x.png */,
				43E5061B1A671CD700510CDB /* thanks_title_ES@2x.png */,
				43E506171A671B8300510CDB /* thanks_title@2x.png */,
				43E5061C1A671CD700510CDB /* thanks_title2_ES@2x.png */,
				43E506181A671B8300510CDB /* thanks_title2@2x.png */,
			);
			name = Images;
			sourceTree = "<group>";
		};
		43D2894E1A59D3DF00E86718 = {
			isa = PBXGroup;
			children = (
				43D289591A59D3DF00E86718 /* H&R Block Survey */,
				43D289731A59D3DF00E86718 /* H&R Block SurveyTests */,
				43D289581A59D3DF00E86718 /* Products */,
			);
			sourceTree = "<group>";
		};
		43D289581A59D3DF00E86718 /* Products */ = {
			isa = PBXGroup;
			children = (
				43D289571A59D3DF00E86718 /* H&R Block Survey.app */,
				43D289701A59D3DF00E86718 /* H&R Block SurveyTests.xctest */,
			);
			name = Products;
			sourceTree = "<group>";
		};
		43D289591A59D3DF00E86718 /* H&R Block Survey */ = {
			isa = PBXGroup;
			children = (
				43D289641A59D3DF00E86718 /* Main.storyboard */,
				435B876A1A5B3785004176CC /* AttractorViewController.h */,
				435B876B1A5B3785004176CC /* AttractorViewController.m */,
				435B876C1A5B3785004176CC /* SurveyViewController.h */,
				435B876D1A5B3785004176CC /* SurveyViewController.m */,
				43E506141A67178500510CDB /* ThankYouViewController.h */,
				43E506151A67178500510CDB /* ThankYouViewController.m */,
				43361F031A5B8F8600351395 /* HRBlockSurvey.h */,
				43361F041A5B8F8600351395 /* HRBlockSurvey.m */,
				431ED6401A64CCB9002DDFDE /* CSVData.h */,
				431ED6411A64CCB9002DDFDE /* CSVData.m */,
				431ED63E1A64CC5D002DDFDE /* survey_data.csv */,
				43D289671A59D3DF00E86718 /* Images.xcassets */,
				43361F021A5B84B600351395 /* Fonts */,
				435B877C1A5B3799004176CC /* Images */,
				43D2895A1A59D3DF00E86718 /* Supporting Files */,
			);
			path = "H&R Block Survey";
			sourceTree = "<group>";
		};
		43D2895A1A59D3DF00E86718 /* Supporting Files */ = {
			isa = PBXGroup;
			children = (
				43D2895E1A59D3DF00E86718 /* AppDelegate.h */,
				43D2895F1A59D3DF00E86718 /* AppDelegate.m */,
				43D2895B1A59D3DF00E86718 /* Info.plist */,
				43D2895C1A59D3DF00E86718 /* main.m */,
			);
			name = "Supporting Files";
			sourceTree = "<group>";
		};
		43D289731A59D3DF00E86718 /* H&R Block SurveyTests */ = {
			isa = PBXGroup;
			children = (
				43D289761A59D3DF00E86718 /* H_R_Block_SurveyTests.m */,
				43D289741A59D3DF00E86718 /* Supporting Files */,
			);
			path = "H&R Block SurveyTests";
			sourceTree = "<group>";
		};
		43D289741A59D3DF00E86718 /* Supporting Files */ = {
			isa = PBXGroup;
			children = (
				43D289751A59D3DF00E86718 /* Info.plist */,
			);
			name = "Supporting Files";
			sourceTree = "<group>";
		};
/* End PBXGroup section */

/* Begin PBXNativeTarget section */
		43D289561A59D3DF00E86718 /* H&R Block Survey */ = {
			isa = PBXNativeTarget;
			buildConfigurationList = 43D2897A1A59D3DF00E86718 /* Build configuration list for PBXNativeTarget "H&R Block Survey" */;
			buildPhases = (
				43D289531A59D3DF00E86718 /* Sources */,
				43D289541A59D3DF00E86718 /* Frameworks */,
				43D289551A59D3DF00E86718 /* Resources */,
			);
			buildRules = (
			);
			dependencies = (
			);
			name = "H&R Block Survey";
			productName = "H&R Block Survey";
			productReference = 43D289571A59D3DF00E86718 /* H&R Block Survey.app */;
			productType = "com.apple.product-type.application";
		};
		43D2896F1A59D3DF00E86718 /* H&R Block SurveyTests */ = {
			isa = PBXNativeTarget;
			buildConfigurationList = 43D2897D1A59D3DF00E86718 /* Build configuration list for PBXNativeTarget "H&R Block SurveyTests" */;
			buildPhases = (
				43D2896C1A59D3DF00E86718 /* Sources */,
				43D2896D1A59D3DF00E86718 /* Frameworks */,
				43D2896E1A59D3DF00E86718 /* Resources */,
			);
			buildRules = (
			);
			dependencies = (
				43D289721A59D3DF00E86718 /* PBXTargetDependency */,
			);
			name = "H&R Block SurveyTests";
			productName = "H&R Block SurveyTests";
			productReference = 43D289701A59D3DF00E86718 /* H&R Block SurveyTests.xctest */;
			productType = "com.apple.product-type.bundle.unit-test";
		};
/* End PBXNativeTarget section */

/* Begin PBXProject section */
		43D2894F1A59D3DF00E86718 /* Project object */ = {
			isa = PBXProject;
			attributes = {
				LastUpgradeCheck = 0610;
				ORGANIZATIONNAME = MotionKick;
				TargetAttributes = {
					43D289561A59D3DF00E86718 = {
						CreatedOnToolsVersion = 6.1.1;
						DevelopmentTeam = 6SUA4S9N9Q;
					};
					43D2896F1A59D3DF00E86718 = {
						CreatedOnToolsVersion = 6.1.1;
						TestTargetID = 43D289561A59D3DF00E86718;
					};
				};
			};
			buildConfigurationList = 43D289521A59D3DF00E86718 /* Build configuration list for PBXProject "H&R Block Survey" */;
			compatibilityVersion = "Xcode 3.2";
			developmentRegion = English;
			hasScannedForEncodings = 0;
			knownRegions = (
				en,
				Base,
			);
			mainGroup = 43D2894E1A59D3DF00E86718;
			productRefGroup = 43D289581A59D3DF00E86718 /* Products */;
			projectDirPath = "";
			projectRoot = "";
			targets = (
				43D289561A59D3DF00E86718 /* H&R Block Survey */,
				43D2896F1A59D3DF00E86718 /* H&R Block SurveyTests */,
			);
		};
/* End PBXProject section */

/* Begin PBXResourcesBuildPhase section */
		43D289551A59D3DF00E86718 /* Resources */ = {
			isa = PBXResourcesBuildPhase;
			buildActionMask = 2147483647;
			files = (
				435B877B1A5B3793004176CC /* attract_title@2x.png in Resources */,
				43361EFF1A5B84B000351395 /* Brandon_blk.otf in Resources */,
				43D289661A59D3DF00E86718 /* Main.storyboard in Resources */,
				434E25A71A5DD0B400D807AE /* survey_option_bg2@2x.png in Resources */,
				431ED63F1A64CC5D002DDFDE /* survey_data.csv in Resources */,
				43E506131A67112800510CDB /* survey_next_ES@2x.png in Resources */,
				43B549BF1A64AC8400E90E63 /* survey_option_bg4@2x.png in Resources */,
				434E25A91A5DEB4100D807AE /* attract_bg2@2x.png in Resources */,
				43B08DA91A5C74F7008D0656 /* survey_next@2x.png in Resources */,
				43B549BE1A64AC8400E90E63 /* survey_option_bg3@2x.png in Resources */,
				435B87781A5B3793004176CC /* attract_english@2x.png in Resources */,
				43EDA0D01A65C032003603BE /* attract_title_ES@2x.png in Resources */,
				4304A7B11A5CF40700889687 /* survey_option_bg1@2x.png in Resources */,
				43361F011A5B84B000351395 /* Brandon_reg.otf in Resources */,
				435B877A1A5B3793004176CC /* attract_spanish@2x.png in Resources */,
				43E5061E1A671CD700510CDB /* thanks_title2_ES@2x.png in Resources */,
				43361EFD1A5B84B000351395 /* Brandon_bld.otf in Resources */,
				435B87771A5B3793004176CC /* attract_choose_lang@2x.png in Resources */,
				43E5061A1A671B8300510CDB /* thanks_title2@2x.png in Resources */,
				43E506191A671B8300510CDB /* thanks_title@2x.png in Resources */,
				43E5061D1A671CD700510CDB /* thanks_title_ES@2x.png in Resources */,
				435B877E1A5B48D6004176CC /* survey_bg@2x.png in Resources */,
				435B87791A5B3793004176CC /* attract_logo@2x.png in Resources */,
				43D289681A59D3DF00E86718 /* Images.xcassets in Resources */,
			);
			runOnlyForDeploymentPostprocessing = 0;
		};
		43D2896E1A59D3DF00E86718 /* Resources */ = {
			isa = PBXResourcesBuildPhase;
			buildActionMask = 2147483647;
			files = (
			);
			runOnlyForDeploymentPostprocessing = 0;
		};
/* End PBXResourcesBuildPhase section */

/* Begin PBXSourcesBuildPhase section */
		43D289531A59D3DF00E86718 /* Sources */ = {
			isa = PBXSourcesBuildPhase;
			buildActionMask = 2147483647;
			files = (
				43E506161A67178500510CDB /* ThankYouViewController.m in Sources */,
				43D289601A59D3DF00E86718 /* AppDelegate.m in Sources */,
				43361F051A5B8F8600351395 /* HRBlockSurvey.m in Sources */,
				431ED6421A64CCB9002DDFDE /* CSVData.m in Sources */,
				43D2895D1A59D3DF00E86718 /* main.m in Sources */,
				435B876F1A5B3785004176CC /* SurveyViewController.m in Sources */,
				435B876E1A5B3785004176CC /* AttractorViewController.m in Sources */,
			);
			runOnlyForDeploymentPostprocessing = 0;
		};
		43D2896C1A59D3DF00E86718 /* Sources */ = {
			isa = PBXSourcesBuildPhase;
			buildActionMask = 2147483647;
			files = (
				43D289771A59D3DF00E86718 /* H_R_Block_SurveyTests.m in Sources */,
			);
			runOnlyForDeploymentPostprocessing = 0;
		};
/* End PBXSourcesBuildPhase section */

/* Begin PBXTargetDependency section */
		43D289721A59D3DF00E86718 /* PBXTargetDependency */ = {
			isa = PBXTargetDependency;
			target = 43D289561A59D3DF00E86718 /* H&R Block Survey */;
			targetProxy = 43D289711A59D3DF00E86718 /* PBXContainerItemProxy */;
		};
/* End PBXTargetDependency section */

/* Begin PBXVariantGroup section */
		43D289641A59D3DF00E86718 /* Main.storyboard */ = {
			isa = PBXVariantGroup;
			children = (
				43D289651A59D3DF00E86718 /* Base */,
			);
			name = Main.storyboard;
			sourceTree = "<group>";
		};
/* End PBXVariantGroup section */

/* Begin XCBuildConfiguration section */
		43D289781A59D3DF00E86718 /* Debug */ = {
			isa = XCBuildConfiguration;
			buildSettings = {
				ALWAYS_SEARCH_USER_PATHS = NO;
				CLANG_CXX_LANGUAGE_STANDARD = "gnu++0x";
				CLANG_CXX_LIBRARY = "libc++";
				CLANG_ENABLE_MODULES = YES;
				CLANG_ENABLE_OBJC_ARC = YES;
				CLANG_WARN_BOOL_CONVERSION = YES;
				CLANG_WARN_CONSTANT_CONVERSION = YES;
				CLANG_WARN_DIRECT_OBJC_ISA_USAGE = YES_ERROR;
				CLANG_WARN_EMPTY_BODY = YES;
				CLANG_WARN_ENUM_CONVERSION = YES;
				CLANG_WARN_INT_CONVERSION = YES;
				CLANG_WARN_OBJC_ROOT_CLASS = YES_ERROR;
				CLANG_WARN_UNREACHABLE_CODE = YES;
				CLANG_WARN__DUPLICATE_METHOD_MATCH = YES;
				"CODE_SIGN_IDENTITY[sdk=iphoneos*]" = "iPhone Developer";
				COPY_PHASE_STRIP = NO;
				ENABLE_STRICT_OBJC_MSGSEND = YES;
				GCC_C_LANGUAGE_STANDARD = gnu99;
				GCC_DYNAMIC_NO_PIC = NO;
				GCC_OPTIMIZATION_LEVEL = 0;
				GCC_PREPROCESSOR_DEFINITIONS = (
					"DEBUG=1",
					"$(inherited)",
				);
				GCC_SYMBOLS_PRIVATE_EXTERN = NO;
				GCC_WARN_64_TO_32_BIT_CONVERSION = YES;
				GCC_WARN_ABOUT_RETURN_TYPE = YES_ERROR;
				GCC_WARN_UNDECLARED_SELECTOR = YES;
				GCC_WARN_UNINITIALIZED_AUTOS = YES_AGGRESSIVE;
				GCC_WARN_UNUSED_FUNCTION = YES;
				GCC_WARN_UNUSED_VARIABLE = YES;
				IPHONEOS_DEPLOYMENT_TARGET = 8.1;
				MTL_ENABLE_DEBUG_INFO = YES;
				ONLY_ACTIVE_ARCH = YES;
				SDKROOT = iphoneos;
				TARGETED_DEVICE_FAMILY = 2;
			};
			name = Debug;
		};
		43D289791A59D3DF00E86718 /* Release */ = {
			isa = XCBuildConfiguration;
			buildSettings = {
				ALWAYS_SEARCH_USER_PATHS = NO;
				CLANG_CXX_LANGUAGE_STANDARD = "gnu++0x";
				CLANG_CXX_LIBRARY = "libc++";
				CLANG_ENABLE_MODULES = YES;
				CLANG_ENABLE_OBJC_ARC = YES;
				CLANG_WARN_BOOL_CONVERSION = YES;
				CLANG_WARN_CONSTANT_CONVERSION = YES;
				CLANG_WARN_DIRECT_OBJC_ISA_USAGE = YES_ERROR;
				CLANG_WARN_EMPTY_BODY = YES;
				CLANG_WARN_ENUM_CONVERSION = YES;
				CLANG_WARN_INT_CONVERSION = YES;
				CLANG_WARN_OBJC_ROOT_CLASS = YES_ERROR;
				CLANG_WARN_UNREACHABLE_CODE = YES;
				CLANG_WARN__DUPLICATE_METHOD_MATCH = YES;
				"CODE_SIGN_IDENTITY[sdk=iphoneos*]" = "iPhone Developer";
				COPY_PHASE_STRIP = YES;
				ENABLE_NS_ASSERTIONS = NO;
				ENABLE_STRICT_OBJC_MSGSEND = YES;
				GCC_C_LANGUAGE_STANDARD = gnu99;
				GCC_WARN_64_TO_32_BIT_CONVERSION = YES;
				GCC_WARN_ABOUT_RETURN_TYPE = YES_ERROR;
				GCC_WARN_UNDECLARED_SELECTOR = YES;
				GCC_WARN_UNINITIALIZED_AUTOS = YES_AGGRESSIVE;
				GCC_WARN_UNUSED_FUNCTION = YES;
				GCC_WARN_UNUSED_VARIABLE = YES;
				IPHONEOS_DEPLOYMENT_TARGET = 8.1;
				MTL_ENABLE_DEBUG_INFO = NO;
				SDKROOT = iphoneos;
				TARGETED_DEVICE_FAMILY = 2;
				VALIDATE_PRODUCT = YES;
			};
			name = Release;
		};
		43D2897B1A59D3DF00E86718 /* Debug */ = {
			isa = XCBuildConfiguration;
			buildSettings = {
				ASSETCATALOG_COMPILER_APPICON_NAME = AppIcon;
				CODE_SIGN_IDENTITY = "iPhone Developer";
				INFOPLIST_FILE = "H&R Block Survey/Info.plist";
				IPHONEOS_DEPLOYMENT_TARGET = 8.1;
				LD_RUNPATH_SEARCH_PATHS = "$(inherited) @executable_path/Frameworks";
				PRODUCT_NAME = "$(TARGET_NAME)";
			};
			name = Debug;
		};
		43D2897C1A59D3DF00E86718 /* Release */ = {
			isa = XCBuildConfiguration;
			buildSettings = {
				ASSETCATALOG_COMPILER_APPICON_NAME = AppIcon;
				CODE_SIGN_IDENTITY = "iPhone Developer";
				INFOPLIST_FILE = "H&R Block Survey/Info.plist";
				IPHONEOS_DEPLOYMENT_TARGET = 8.1;
				LD_RUNPATH_SEARCH_PATHS = "$(inherited) @executable_path/Frameworks";
				PRODUCT_NAME = "$(TARGET_NAME)";
			};
			name = Release;
		};
		43D2897E1A59D3DF00E86718 /* Debug */ = {
			isa = XCBuildConfiguration;
			buildSettings = {
				BUNDLE_LOADER = "$(TEST_HOST)";
				FRAMEWORK_SEARCH_PATHS = (
					"$(SDKROOT)/Developer/Library/Frameworks",
					"$(inherited)",
				);
				GCC_PREPROCESSOR_DEFINITIONS = (
					"DEBUG=1",
					"$(inherited)",
				);
				INFOPLIST_FILE = "H&R Block SurveyTests/Info.plist";
				LD_RUNPATH_SEARCH_PATHS = "$(inherited) @executable_path/Frameworks @loader_path/Frameworks";
				PRODUCT_NAME = "$(TARGET_NAME)";
				TEST_HOST = "$(BUILT_PRODUCTS_DIR)/H&R Block Survey.app/H&R Block Survey";
			};
			name = Debug;
		};
		43D2897F1A59D3DF00E86718 /* Release */ = {
			isa = XCBuildConfiguration;
			buildSettings = {
				BUNDLE_LOADER = "$(TEST_HOST)";
				FRAMEWORK_SEARCH_PATHS = (
					"$(SDKROOT)/Developer/Library/Frameworks",
					"$(inherited)",
				);
				INFOPLIST_FILE = "H&R Block SurveyTests/Info.plist";
				LD_RUNPATH_SEARCH_PATHS = "$(inherited) @executable_path/Frameworks @loader_path/Frameworks";
				PRODUCT_NAME = "$(TARGET_NAME)";
				TEST_HOST = "$(BUILT_PRODUCTS_DIR)/H&R Block Survey.app/H&R Block Survey";
			};
			name = Release;
		};
/* End XCBuildConfiguration section */

/* Begin XCConfigurationList section */
		43D289521A59D3DF00E86718 /* Build configuration list for PBXProject "H&R Block Survey" */ = {
			isa = XCConfigurationList;
			buildConfigurations = (
				43D289781A59D3DF00E86718 /* Debug */,
				43D289791A59D3DF00E86718 /* Release */,
			);
			defaultConfigurationIsVisible = 0;
			defaultConfigurationName = Release;
		};
		43D2897A1A59D3DF00E86718 /* Build configuration list for PBXNativeTarget "H&R Block Survey" */ = {
			isa = XCConfigurationList;
			buildConfigurations = (
				43D2897B1A59D3DF00E86718 /* Debug */,
				43D2897C1A59D3DF00E86718 /* Release */,
			);
			defaultConfigurationIsVisible = 0;
			defaultConfigurationName = Release;
		};
		43D2897D1A59D3DF00E86718 /* Build configuration list for PBXNativeTarget "H&R Block SurveyTests" */ = {
			isa = XCConfigurationList;
			buildConfigurations = (
				43D2897E1A59D3DF00E86718 /* Debug */,
				43D2897F1A59D3DF00E86718 /* Release */,
			);
			defaultConfigurationIsVisible = 0;
			defaultConfigurationName = Release;
		};
/* End XCConfigurationList section */
	};
	rootObject = 43D2894F1A59D3DF00E86718 /* Project object */;
}
